
Microsoft Visual Studio Solution File, Format Version 12.00
# Visual Studio 15
VisualStudioVersion = 15.0.26403.3
MinimumVisualStudioVersion = 10.0.40219.1
Project("{FAE04EC0-301F-11D3-BF4B-00C04F79EFBC}") = "RefitExample.Android", "RefitExample\RefitExample.Android\RefitExample.Android.csproj", "{CF02D173-3538-4DA7-97C1-69B93DE985E7}"
EndProject
Project("{FAE04EC0-301F-11D3-BF4B-00C04F79EFBC}") = "RefitExample", "RefitExample\RefitExample\RefitExample.csproj", "{7C7181F7-9C24-4B96-89C6-7F5DCC80CD1A}"
EndProject
Project("{FAE04EC0-301F-11D3-BF4B-00C04F79EFBC}") = "RefitExample.UWP", "RefitExample\RefitExample.UWP\RefitExample.UWP.csproj", "{650EFC24-4153-4713-9C6F-FA5325ABE185}"
EndProject
Project("{FAE04EC0-301F-11D3-BF4B-00C04F79EFBC}") = "RefitExample.iOS", "RefitExample\RefitExample.iOS\RefitExample.iOS.csproj", "{9B01DBCA-0B0F-4775-A7D6-7E4C1CEFDFCF}"
EndProject
Global
	GlobalSection(SolutionConfigurationPlatforms) = preSolution
		Ad-Hoc|Any CPU = Ad-Hoc|Any CPU
		Ad-Hoc|ARM = Ad-Hoc|ARM
		Ad-Hoc|iPhone = Ad-Hoc|iPhone
		Ad-Hoc|iPhoneSimulator = Ad-Hoc|iPhoneSimulator
		Ad-Hoc|x64 = Ad-Hoc|x64
		Ad-Hoc|x86 = Ad-Hoc|x86
		AppStore|Any CPU = AppStore|Any CPU
		AppStore|ARM = AppStore|ARM
		AppStore|iPhone = AppStore|iPhone
		AppStore|iPhoneSimulator = AppStore|iPhoneSimulator
		AppStore|x64 = AppStore|x64
		AppStore|x86 = AppStore|x86
		Debug|Any CPU = Debug|Any CPU
		Debug|ARM = Debug|ARM
		Debug|iPhone = Debug|iPhone
		Debug|iPhoneSimulator = Debug|iPhoneSimulator
		Debug|x64 = Debug|x64
		Debug|x86 = Debug|x86
		Release|Any CPU = Release|Any CPU
		Release|ARM = Release|ARM
		Release|iPhone = Release|iPhone
		Release|iPhoneSimulator = Release|iPhoneSimulator
		Release|x64 = Release|x64
		Release|x86 = Release|x86
	EndGlobalSection
	GlobalSection(ProjectConfigurationPlatforms) = postSolution
		{CF02D173-3538-4DA7-97C1-69B93DE985E7}.Ad-Hoc|Any CPU.ActiveCfg = Release|Any CPU
		{CF02D173-3538-4DA7-97C1-69B93DE985E7}.Ad-Hoc|Any CPU.Build.0 = Release|Any CPU
		{CF02D173-3538-4DA7-97C1-69B93DE985E7}.Ad-Hoc|Any CPU.Deploy.0 = Release|Any CPU
		{CF02D173-3538-4DA7-97C1-69B93DE985E7}.Ad-Hoc|ARM.ActiveCfg = Release|Any CPU
		{CF02D173-3538-4DA7-97C1-69B93DE985E7}.Ad-Hoc|ARM.Build.0 = Release|Any CPU
		{CF02D173-3538-4DA7-97C1-69B93DE985E7}.Ad-Hoc|ARM.Deploy.0 = Release|Any CPU
		{CF02D173-3538-4DA7-97C1-69B93DE985E7}.Ad-Hoc|iPhone.ActiveCfg = Release|Any CPU
		{CF02D173-3538-4DA7-97C1-69B93DE985E7}.Ad-Hoc|iPhone.Build.0 = Release|Any CPU
		{CF02D173-3538-4DA7-97C1-69B93DE985E7}.Ad-Hoc|iPhone.Deploy.0 = Release|Any CPU
		{CF02D173-3538-4DA7-97C1-69B93DE985E7}.Ad-Hoc|iPhoneSimulator.ActiveCfg = Release|Any CPU
		{CF02D173-3538-4DA7-97C1-69B93DE985E7}.Ad-Hoc|iPhoneSimulator.Build.0 = Release|Any CPU
		{CF02D173-3538-4DA7-97C1-69B93DE985E7}.Ad-Hoc|iPhoneSimulator.Deploy.0 = Release|Any CPU
		{CF02D173-3538-4DA7-97C1-69B93DE985E7}.Ad-Hoc|x64.ActiveCfg = Release|Any CPU
		{CF02D173-3538-4DA7-97C1-69B93DE985E7}.Ad-Hoc|x64.Build.0 = Release|Any CPU
		{CF02D173-3538-4DA7-97C1-69B93DE985E7}.Ad-Hoc|x64.Deploy.0 = Release|Any CPU
		{CF02D173-3538-4DA7-97C1-69B93DE985E7}.Ad-Hoc|x86.ActiveCfg = Release|Any CPU
		{CF02D173-3538-4DA7-97C1-69B93DE985E7}.Ad-Hoc|x86.Build.0 = Release|Any CPU
		{CF02D173-3538-4DA7-97C1-69B93DE985E7}.Ad-Hoc|x86.Deploy.0 = Release|Any CPU
		{CF02D173-3538-4DA7-97C1-69B93DE985E7}.AppStore|Any CPU.ActiveCfg = Release|Any CPU
		{CF02D173-3538-4DA7-97C1-69B93DE985E7}.AppStore|Any CPU.Build.0 = Release|Any CPU
		{CF02D173-3538-4DA7-97C1-69B93DE985E7}.AppStore|Any CPU.Deploy.0 = Release|Any CPU
		{CF02D173-3538-4DA7-97C1-69B93DE985E7}.AppStore|ARM.ActiveCfg = Release|Any CPU
		{CF02D173-3538-4DA7-97C1-69B93DE985E7}.AppStore|ARM.Build.0 = Release|Any CPU
		{CF02D173-3538-4DA7-97C1-69B93DE985E7}.AppStore|ARM.Deploy.0 = Release|Any CPU
		{CF02D173-3538-4DA7-97C1-69B93DE985E7}.AppStore|iPhone.ActiveCfg = Release|Any CPU
		{CF02D173-3538-4DA7-97C1-69B93DE985E7}.AppStore|iPhone.Build.0 = Release|Any CPU
		{CF02D173-3538-4DA7-97C1-69B93DE985E7}.AppStore|iPhone.Deploy.0 = Release|Any CPU
		{CF02D173-3538-4DA7-97C1-69B93DE985E7}.AppStore|iPhoneSimulator.ActiveCfg = Release|Any CPU
		{CF02D173-3538-4DA7-97C1-69B93DE985E7}.AppStore|iPhoneSimulator.Build.0 = Release|Any CPU
		{CF02D173-3538-4DA7-97C1-69B93DE985E7}.AppStore|iPhoneSimulator.Deploy.0 = Release|Any CPU
		{CF02D173-3538-4DA7-97C1-69B93DE985E7}.AppStore|x64.ActiveCfg = Release|Any CPU
		{CF02D173-3538-4DA7-97C1-69B93DE985E7}.AppStore|x64.Build.0 = Release|Any CPU
		{CF02D173-3538-4DA7-97C1-69B93DE985E7}.AppStore|x64.Deploy.0 = Release|Any CPU
		{CF02D173-3538-4DA7-97C1-69B93DE985E7}.AppStore|x86.ActiveCfg = Release|Any CPU
		{CF02D173-3538-4DA7-97C1-69B93DE985E7}.AppStore|x86.Build.0 = Release|Any CPU
		{CF02D173-3538-4DA7-97C1-69B93DE985E7}.AppStore|x86.Deploy.0 = Release|Any CPU
		{CF02D173-3538-4DA7-97C1-69B93DE985E7}.Debug|Any CPU.ActiveCfg = Debug|Any CPU
		{CF02D173-3538-4DA7-97C1-69B93DE985E7}.Debug|Any CPU.Build.0 = Debug|Any CPU
		{CF02D173-3538-4DA7-97C1-69B93DE985E7}.Debug|Any CPU.Deploy.0 = Debug|Any CPU
		{CF02D173-3538-4DA7-97C1-69B93DE985E7}.Debug|ARM.ActiveCfg = Debug|Any CPU
		{CF02D173-3538-4DA7-97C1-69B93DE985E7}.Debug|ARM.Build.0 = Debug|Any CPU
		{CF02D173-3538-4DA7-97C1-69B93DE985E7}.Debug|ARM.Deploy.0 = Debug|Any CPU
		{CF02D173-3538-4DA7-97C1-69B93DE985E7}.Debug|iPhone.ActiveCfg = Debug|Any CPU
		{CF02D173-3538-4DA7-97C1-69B93DE985E7}.Debug|iPhone.Build.0 = Debug|Any CPU
		{CF02D173-3538-4DA7-97C1-69B93DE985E7}.Debug|iPhone.Deploy.0 = Debug|Any CPU
		{CF02D173-3538-4DA7-97C1-69B93DE985E7}.Debug|iPhoneSimulator.ActiveCfg = Debug|Any CPU
		{CF02D173-3538-4DA7-97C1-69B93DE985E7}.Debug|iPhoneSimulator.Build.0 = Debug|Any CPU
		{CF02D173-3538-4DA7-97C1-69B93DE985E7}.Debug|iPhoneSimulator.Deploy.0 = Debug|Any CPU
		{CF02D173-3538-4DA7-97C1-69B93DE985E7}.Debug|x64.ActiveCfg = Debug|Any CPU
		{CF02D173-3538-4DA7-97C1-69B93DE985E7}.Debug|x64.Build.0 = Debug|Any CPU
		{CF02D173-3538-4DA7-97C1-69B93DE985E7}.Debug|x64.Deploy.0 = Debug|Any CPU
		{CF02D173-3538-4DA7-97C1-69B93DE985E7}.Debug|x86.ActiveCfg = Debug|Any CPU
		{CF02D173-3538-4DA7-97C1-69B93DE985E7}.Debug|x86.Build.0 = Debug|Any CPU
		{CF02D173-3538-4DA7-97C1-69B93DE985E7}.Debug|x86.Deploy.0 = Debug|Any CPU
		{CF02D173-3538-4DA7-97C1-69B93DE985E7}.Release|Any CPU.ActiveCfg = Release|Any CPU
		{CF02D173-3538-4DA7-97C1-69B93DE985E7}.Release|Any CPU.Build.0 = Release|Any CPU
		{CF02D173-3538-4DA7-97C1-69B93DE985E7}.Release|Any CPU.Deploy.0 = Release|Any CPU
		{CF02D173-3538-4DA7-97C1-69B93DE985E7}.Release|ARM.ActiveCfg = Release|Any CPU
		{CF02D173-3538-4DA7-97C1-69B93DE985E7}.Release|ARM.Build.0 = Release|Any CPU
		{CF02D173-3538-4DA7-97C1-69B93DE985E7}.Release|ARM.Deploy.0 = Release|Any CPU
		{CF02D173-3538-4DA7-97C1-69B93DE985E7}.Release|iPhone.ActiveCfg = Release|Any CPU
		{CF02D173-3538-4DA7-97C1-69B93DE985E7}.Release|iPhone.Build.0 = Release|Any CPU
		{CF02D173-3538-4DA7-97C1-69B93DE985E7}.Release|iPhone.Deploy.0 = Release|Any CPU
		{CF02D173-3538-4DA7-97C1-69B93DE985E7}.Release|iPhoneSimulator.ActiveCfg = Release|Any CPU
		{CF02D173-3538-4DA7-97C1-69B93DE985E7}.Release|iPhoneSimulator.Build.0 = Release|Any CPU
		{CF02D173-3538-4DA7-97C1-69B93DE985E7}.Release|iPhoneSimulator.Deploy.0 = Release|Any CPU
		{CF02D173-3538-4DA7-97C1-69B93DE985E7}.Release|x64.ActiveCfg = Release|Any CPU
		{CF02D173-3538-4DA7-97C1-69B93DE985E7}.Release|x64.Build.0 = Release|Any CPU
		{CF02D173-3538-4DA7-97C1-69B93DE985E7}.Release|x64.Deploy.0 = Release|Any CPU
		{CF02D173-3538-4DA7-97C1-69B93DE985E7}.Release|x86.ActiveCfg = Release|Any CPU
		{CF02D173-3538-4DA7-97C1-69B93DE985E7}.Release|x86.Build.0 = Release|Any CPU
		{CF02D173-3538-4DA7-97C1-69B93DE985E7}.Release|x86.Deploy.0 = Release|Any CPU
		{7C7181F7-9C24-4B96-89C6-7F5DCC80CD1A}.Ad-Hoc|Any CPU.ActiveCfg = Release|Any CPU
		{7C7181F7-9C24-4B96-89C6-7F5DCC80CD1A}.Ad-Hoc|Any CPU.Build.0 = Release|Any CPU
		{7C7181F7-9C24-4B96-89C6-7F5DCC80CD1A}.Ad-Hoc|ARM.ActiveCfg = Release|Any CPU
		{7C7181F7-9C24-4B96-89C6-7F5DCC80CD1A}.Ad-Hoc|ARM.Build.0 = Release|Any CPU
		{7C7181F7-9C24-4B96-89C6-7F5DCC80CD1A}.Ad-Hoc|iPhone.ActiveCfg = Release|Any CPU
		{7C7181F7-9C24-4B96-89C6-7F5DCC80CD1A}.Ad-Hoc|iPhone.Build.0 = Release|Any CPU
		{7C7181F7-9C24-4B96-89C6-7F5DCC80CD1A}.Ad-Hoc|iPhoneSimulator.ActiveCfg = Release|Any CPU
		{7C7181F7-9C24-4B96-89C6-7F5DCC80CD1A}.Ad-Hoc|iPhoneSimulator.Build.0 = Release|Any CPU
		{7C7181F7-9C24-4B96-89C6-7F5DCC80CD1A}.Ad-Hoc|x64.ActiveCfg = Release|Any CPU
		{7C7181F7-9C24-4B96-89C6-7F5DCC80CD1A}.Ad-Hoc|x64.Build.0 = Release|Any CPU
		{7C7181F7-9C24-4B96-89C6-7F5DCC80CD1A}.Ad-Hoc|x86.ActiveCfg = Release|Any CPU
		{7C7181F7-9C24-4B96-89C6-7F5DCC80CD1A}.Ad-Hoc|x86.Build.0 = Release|Any CPU
		{7C7181F7-9C24-4B96-89C6-7F5DCC80CD1A}.AppStore|Any CPU.ActiveCfg = Release|Any CPU
		{7C7181F7-9C24-4B96-89C6-7F5DCC80CD1A}.AppStore|Any CPU.Build.0 = Release|Any CPU
		{7C7181F7-9C24-4B96-89C6-7F5DCC80CD1A}.AppStore|ARM.ActiveCfg = Release|Any CPU
		{7C7181F7-9C24-4B96-89C6-7F5DCC80CD1A}.AppStore|ARM.Build.0 = Release|Any CPU
		{7C7181F7-9C24-4B96-89C6-7F5DCC80CD1A}.AppStore|iPhone.ActiveCfg = Release|Any CPU
		{7C7181F7-9C24-4B96-89C6-7F5DCC80CD1A}.AppStore|iPhone.Build.0 = Release|Any CPU
		{7C7181F7-9C24-4B96-89C6-7F5DCC80CD1A}.AppStore|iPhoneSimulator.ActiveCfg = Release|Any CPU
		{7C7181F7-9C24-4B96-89C6-7F5DCC80CD1A}.AppStore|iPhoneSimulator.Build.0 = Release|Any CPU
		{7C7181F7-9C24-4B96-89C6-7F5DCC80CD1A}.AppStore|x64.ActiveCfg = Release|Any CPU
		{7C7181F7-9C24-4B96-89C6-7F5DCC80CD1A}.AppStore|x64.Build.0 = Release|Any CPU
		{7C7181F7-9C24-4B96-89C6-7F5DCC80CD1A}.AppStore|x86.ActiveCfg = Release|Any CPU
		{7C7181F7-9C24-4B96-89C6-7F5DCC80CD1A}.AppStore|x86.Build.0 = Release|Any CPU
		{7C7181F7-9C24-4B96-89C6-7F5DCC80CD1A}.Debug|Any CPU.ActiveCfg = Debug|Any CPU
		{7C7181F7-9C24-4B96-89C6-7F5DCC80CD1A}.Debug|Any CPU.Build.0 = Debug|Any CPU
		{7C7181F7-9C24-4B96-89C6-7F5DCC80CD1A}.Debug|ARM.ActiveCfg = Debug|Any CPU
		{7C7181F7-9C24-4B96-89C6-7F5DCC80CD1A}.Debug|ARM.Build.0 = Debug|Any CPU
		{7C7181F7-9C24-4B96-89C6-7F5DCC80CD1A}.Debug|iPhone.ActiveCfg = Debug|Any CPU
		{7C7181F7-9C24-4B96-89C6-7F5DCC80CD1A}.Debug|iPhone.Build.0 = Debug|Any CPU
		{7C7181F7-9C24-4B96-89C6-7F5DCC80CD1A}.Debug|iPhoneSimulator.ActiveCfg = Debug|Any CPU
		{7C7181F7-9C24-4B96-89C6-7F5DCC80CD1A}.Debug|iPhoneSimulator.Build.0 = Debug|Any CPU
		{7C7181F7-9C24-4B96-89C6-7F5DCC80CD1A}.Debug|x64.ActiveCfg = Debug|Any CPU
		{7C7181F7-9C24-4B96-89C6-7F5DCC80CD1A}.Debug|x64.Build.0 = Debug|Any CPU
		{7C7181F7-9C24-4B96-89C6-7F5DCC80CD1A}.Debug|x86.ActiveCfg = Debug|Any CPU
		{7C7181F7-9C24-4B96-89C6-7F5DCC80CD1A}.Debug|x86.Build.0 = Debug|Any CPU
		{7C7181F7-9C24-4B96-89C6-7F5DCC80CD1A}.Release|Any CPU.ActiveCfg = Release|Any CPU
		{7C7181F7-9C24-4B96-89C6-7F5DCC80CD1A}.Release|Any CPU.Build.0 = Release|Any CPU
		{7C7181F7-9C24-4B96-89C6-7F5DCC80CD1A}.Release|ARM.ActiveCfg = Release|Any CPU
		{7C7181F7-9C24-4B96-89C6-7F5DCC80CD1A}.Release|ARM.Build.0 = Release|Any CPU
		{7C7181F7-9C24-4B96-89C6-7F5DCC80CD1A}.Release|iPhone.ActiveCfg = Release|Any CPU
		{7C7181F7-9C24-4B96-89C6-7F5DCC80CD1A}.Release|iPhone.Build.0 = Release|Any CPU
		{7C7181F7-9C24-4B96-89C6-7F5DCC80CD1A}.Release|iPhoneSimulator.ActiveCfg = Release|Any CPU
		{7C7181F7-9C24-4B96-89C6-7F5DCC80CD1A}.Release|iPhoneSimulator.Build.0 = Release|Any CPU
		{7C7181F7-9C24-4B96-89C6-7F5DCC80CD1A}.Release|x64.ActiveCfg = Release|Any CPU
		{7C7181F7-9C24-4B96-89C6-7F5DCC80CD1A}.Release|x64.Build.0 = Release|Any CPU
		{7C7181F7-9C24-4B96-89C6-7F5DCC80CD1A}.Release|x86.ActiveCfg = Release|Any CPU
		{7C7181F7-9C24-4B96-89C6-7F5DCC80CD1A}.Release|x86.Build.0 = Release|Any CPU
		{650EFC24-4153-4713-9C6F-FA5325ABE185}.Ad-Hoc|Any CPU.ActiveCfg = Release|x86
		{650EFC24-4153-4713-9C6F-FA5325ABE185}.Ad-Hoc|Any CPU.Build.0 = Release|x86
		{650EFC24-4153-4713-9C6F-FA5325ABE185}.Ad-Hoc|Any CPU.Deploy.0 = Release|x86
		{650EFC24-4153-4713-9C6F-FA5325ABE185}.Ad-Hoc|ARM.ActiveCfg = Release|ARM
		{650EFC24-4153-4713-9C6F-FA5325ABE185}.Ad-Hoc|ARM.Build.0 = Release|ARM
		{650EFC24-4153-4713-9C6F-FA5325ABE185}.Ad-Hoc|ARM.Deploy.0 = Release|ARM
		{650EFC24-4153-4713-9C6F-FA5325ABE185}.Ad-Hoc|iPhone.ActiveCfg = Release|x86
		{650EFC24-4153-4713-9C6F-FA5325ABE185}.Ad-Hoc|iPhone.Build.0 = Release|x86
		{650EFC24-4153-4713-9C6F-FA5325ABE185}.Ad-Hoc|iPhone.Deploy.0 = Release|x86
		{650EFC24-4153-4713-9C6F-FA5325ABE185}.Ad-Hoc|iPhoneSimulator.ActiveCfg = Release|x86
		{650EFC24-4153-4713-9C6F-FA5325ABE185}.Ad-Hoc|iPhoneSimulator.Build.0 = Release|x86
		{650EFC24-4153-4713-9C6F-FA5325ABE185}.Ad-Hoc|iPhoneSimulator.Deploy.0 = Release|x86
		{650EFC24-4153-4713-9C6F-FA5325ABE185}.Ad-Hoc|x64.ActiveCfg = Release|x64
		{650EFC24-4153-4713-9C6F-FA5325ABE185}.Ad-Hoc|x64.Build.0 = Release|x64
		{650EFC24-4153-4713-9C6F-FA5325ABE185}.Ad-Hoc|x64.Deploy.0 = Release|x64
		{650EFC24-4153-4713-9C6F-FA5325ABE185}.Ad-Hoc|x86.ActiveCfg = Release|x86
		{650EFC24-4153-4713-9C6F-FA5325ABE185}.Ad-Hoc|x86.Build.0 = Release|x86
		{650EFC24-4153-4713-9C6F-FA5325ABE185}.Ad-Hoc|x86.Deploy.0 = Release|x86
		{650EFC24-4153-4713-9C6F-FA5325ABE185}.AppStore|Any CPU.ActiveCfg = Release|x86
		{650EFC24-4153-4713-9C6F-FA5325ABE185}.AppStore|Any CPU.Build.0 = Release|x86
		{650EFC24-4153-4713-9C6F-FA5325ABE185}.AppStore|Any CPU.Deploy.0 = Release|x86
		{650EFC24-4153-4713-9C6F-FA5325ABE185}.AppStore|ARM.ActiveCfg = Release|ARM
		{650EFC24-4153-4713-9C6F-FA5325ABE185}.AppStore|ARM.Build.0 = Release|ARM
		{650EFC24-4153-4713-9C6F-FA5325ABE185}.AppStore|ARM.Deploy.0 = Release|ARM
		{650EFC24-4153-4713-9C6F-FA5325ABE185}.AppStore|iPhone.ActiveCfg = Release|x86
		{650EFC24-4153-4713-9C6F-FA5325ABE185}.AppStore|iPhone.Build.0 = Release|x86
		{650EFC24-4153-4713-9C6F-FA5325ABE185}.AppStore|iPhone.Deploy.0 = Release|x86
		{650EFC24-4153-4713-9C6F-FA5325ABE185}.AppStore|iPhoneSimulator.ActiveCfg = Release|x86
		{650EFC24-4153-4713-9C6F-FA5325ABE185}.AppStore|iPhoneSimulator.Build.0 = Release|x86
		{650EFC24-4153-4713-9C6F-FA5325ABE185}.AppStore|iPhoneSimulator.Deploy.0 = Release|x86
		{650EFC24-4153-4713-9C6F-FA5325ABE185}.AppStore|x64.ActiveCfg = Release|x64
		{650EFC24-4153-4713-9C6F-FA5325ABE185}.AppStore|x64.Build.0 = Release|x64
		{650EFC24-4153-4713-9C6F-FA5325ABE185}.AppStore|x64.Deploy.0 = Release|x64
		{650EFC24-4153-4713-9C6F-FA5325ABE185}.AppStore|x86.ActiveCfg = Release|x86
		{650EFC24-4153-4713-9C6F-FA5325ABE185}.AppStore|x86.Build.0 = Release|x86
		{650EFC24-4153-4713-9C6F-FA5325ABE185}.AppStore|x86.Deploy.0 = Release|x86
		{650EFC24-4153-4713-9C6F-FA5325ABE185}.Debug|Any CPU.ActiveCfg = Debug|x86
		{650EFC24-4153-4713-9C6F-FA5325ABE185}.Debug|Any CPU.Build.0 = Debug|x86
		{650EFC24-4153-4713-9C6F-FA5325ABE185}.Debug|Any CPU.Deploy.0 = Debug|x86
		{650EFC24-4153-4713-9C6F-FA5325ABE185}.Debug|ARM.ActiveCfg = Debug|ARM
		{650EFC24-4153-4713-9C6F-FA5325ABE185}.Debug|ARM.Build.0 = Debug|ARM
		{650EFC24-4153-4713-9C6F-FA5325ABE185}.Debug|ARM.Deploy.0 = Debug|ARM
		{650EFC24-4153-4713-9C6F-FA5325ABE185}.Debug|iPhone.ActiveCfg = Debug|x86
		{650EFC24-4153-4713-9C6F-FA5325ABE185}.Debug|iPhoneSimulator.ActiveCfg = Debug|x86
		{650EFC24-4153-4713-9C6F-FA5325ABE185}.Debug|x64.ActiveCfg = Debug|x64
		{650EFC24-4153-4713-9C6F-FA5325ABE185}.Debug|x64.Build.0 = Debug|x64
		{650EFC24-4153-4713-9C6F-FA5325ABE185}.Debug|x64.Deploy.0 = Debug|x64
		{650EFC24-4153-4713-9C6F-FA5325ABE185}.Debug|x86.ActiveCfg = Debug|x86
		{650EFC24-4153-4713-9C6F-FA5325ABE185}.Debug|x86.Build.0 = Debug|x86
		{650EFC24-4153-4713-9C6F-FA5325ABE185}.Debug|x86.Deploy.0 = Debug|x86
		{650EFC24-4153-4713-9C6F-FA5325ABE185}.Release|Any CPU.ActiveCfg = Release|x86
		{650EFC24-4153-4713-9C6F-FA5325ABE185}.Release|ARM.ActiveCfg = Release|ARM
		{650EFC24-4153-4713-9C6F-FA5325ABE185}.Release|ARM.Build.0 = Release|ARM
		{650EFC24-4153-4713-9C6F-FA5325ABE185}.Release|ARM.Deploy.0 = Release|ARM
		{650EFC24-4153-4713-9C6F-FA5325ABE185}.Release|iPhone.ActiveCfg = Release|x86
		{650EFC24-4153-4713-9C6F-FA5325ABE185}.Release|iPhoneSimulator.ActiveCfg = Release|x86
		{650EFC24-4153-4713-9C6F-FA5325ABE185}.Release|x64.ActiveCfg = Release|x64
		{650EFC24-4153-4713-9C6F-FA5325ABE185}.Release|x64.Build.0 = Release|x64
		{650EFC24-4153-4713-9C6F-FA5325ABE185}.Release|x64.Deploy.0 = Release|x64
		{650EFC24-4153-4713-9C6F-FA5325ABE185}.Release|x86.ActiveCfg = Release|x86
		{650EFC24-4153-4713-9C6F-FA5325ABE185}.Release|x86.Build.0 = Release|x86
		{650EFC24-4153-4713-9C6F-FA5325ABE185}.Release|x86.Deploy.0 = Release|x86
		{9B01DBCA-0B0F-4775-A7D6-7E4C1CEFDFCF}.Ad-Hoc|Any CPU.ActiveCfg = Ad-Hoc|iPhone
		{9B01DBCA-0B0F-4775-A7D6-7E4C1CEFDFCF}.Ad-Hoc|ARM.ActiveCfg = Ad-Hoc|iPhone
		{9B01DBCA-0B0F-4775-A7D6-7E4C1CEFDFCF}.Ad-Hoc|iPhone.ActiveCfg = Ad-Hoc|iPhone
		{9B01DBCA-0B0F-4775-A7D6-7E4C1CEFDFCF}.Ad-Hoc|iPhone.Build.0 = Ad-Hoc|iPhone
		{9B01DBCA-0B0F-4775-A7D6-7E4C1CEFDFCF}.Ad-Hoc|iPhoneSimulator.ActiveCfg = Ad-Hoc|iPhoneSimulator
		{9B01DBCA-0B0F-4775-A7D6-7E4C1CEFDFCF}.Ad-Hoc|iPhoneSimulator.Build.0 = Ad-Hoc|iPhoneSimulator
		{9B01DBCA-0B0F-4775-A7D6-7E4C1CEFDFCF}.Ad-Hoc|x64.ActiveCfg = Ad-Hoc|iPhone
		{9B01DBCA-0B0F-4775-A7D6-7E4C1CEFDFCF}.Ad-Hoc|x86.ActiveCfg = Ad-Hoc|iPhone
		{9B01DBCA-0B0F-4775-A7D6-7E4C1CEFDFCF}.AppStore|Any CPU.ActiveCfg = AppStore|iPhone
		{9B01DBCA-0B0F-4775-A7D6-7E4C1CEFDFCF}.AppStore|ARM.ActiveCfg = AppStore|iPhone
		{9B01DBCA-0B0F-4775-A7D6-7E4C1CEFDFCF}.AppStore|iPhone.ActiveCfg = AppStore|iPhone
		{9B01DBCA-0B0F-4775-A7D6-7E4C1CEFDFCF}.AppStore|iPhone.Build.0 = AppStore|iPhone
		{9B01DBCA-0B0F-4775-A7D6-7E4C1CEFDFCF}.AppStore|iPhoneSimulator.ActiveCfg = AppStore|iPhoneSimulator
		{9B01DBCA-0B0F-4775-A7D6-7E4C1CEFDFCF}.AppStore|iPhoneSimulator.Build.0 = AppStore|iPhoneSimulator
		{9B01DBCA-0B0F-4775-A7D6-7E4C1CEFDFCF}.AppStore|x64.ActiveCfg = AppStore|iPhone
		{9B01DBCA-0B0F-4775-A7D6-7E4C1CEFDFCF}.AppStore|x86.ActiveCfg = AppStore|iPhone
		{9B01DBCA-0B0F-4775-A7D6-7E4C1CEFDFCF}.Debug|Any CPU.ActiveCfg = Debug|iPhone
		{9B01DBCA-0B0F-4775-A7D6-7E4C1CEFDFCF}.Debug|ARM.ActiveCfg = Debug|iPhone
		{9B01DBCA-0B0F-4775-A7D6-7E4C1CEFDFCF}.Debug|iPhone.ActiveCfg = Debug|iPhone
		{9B01DBCA-0B0F-4775-A7D6-7E4C1CEFDFCF}.Debug|iPhone.Build.0 = Debug|iPhone
		{9B01DBCA-0B0F-4775-A7D6-7E4C1CEFDFCF}.Debug|iPhoneSimulator.ActiveCfg = Debug|iPhoneSimulator
		{9B01DBCA-0B0F-4775-A7D6-7E4C1CEFDFCF}.Debug|iPhoneSimulator.Build.0 = Debug|iPhoneSimulator
		{9B01DBCA-0B0F-4775-A7D6-7E4C1CEFDFCF}.Debug|x64.ActiveCfg = Debug|iPhone
		{9B01DBCA-0B0F-4775-A7D6-7E4C1CEFDFCF}.Debug|x86.ActiveCfg = Debug|iPhone
		{9B01DBCA-0B0F-4775-A7D6-7E4C1CEFDFCF}.Release|Any CPU.ActiveCfg = Release|iPhone
		{9B01DBCA-0B0F-4775-A7D6-7E4C1CEFDFCF}.Release|ARM.ActiveCfg = Release|iPhone
		{9B01DBCA-0B0F-4775-A7D6-7E4C1CEFDFCF}.Release|iPhone.ActiveCfg = Release|iPhone
		{9B01DBCA-0B0F-4775-A7D6-7E4C1CEFDFCF}.Release|iPhone.Build.0 = Release|iPhone
		{9B01DBCA-0B0F-4775-A7D6-7E4C1CEFDFCF}.Release|iPhoneSimulator.ActiveCfg = Release|iPhoneSimulator
		{9B01DBCA-0B0F-4775-A7D6-7E4C1CEFDFCF}.Release|iPhoneSimulator.Build.0 = Release|iPhoneSimulator
		{9B01DBCA-0B0F-4775-A7D6-7E4C1CEFDFCF}.Release|x64.ActiveCfg = Release|iPhone
		{9B01DBCA-0B0F-4775-A7D6-7E4C1CEFDFCF}.Release|x86.ActiveCfg = Release|iPhone
	EndGlobalSection
	GlobalSection(SolutionProperties) = preSolution
		HideSolutionNode = FALSE
	EndGlobalSection
EndGlobal
